
Microsoft Visual Studio Solution File, Format Version 12.00
# Visual Studio 15
VisualStudioVersion = 15.0.28307.779
MinimumVisualStudioVersion = 10.0.40219.1
Project("{9A19103F-16F7-4668-BE54-9A1E7A4F7556}") = "ToDoList_WebApplication", "ToDoList-WebApplication\ToDoList_WebApplication.csproj", "{B4B97030-327E-4879-B1A0-967B26E4D47A}"
EndProject
Global
	GlobalSection(SolutionConfigurationPlatforms) = preSolution
		Debug|Any CPU = Debug|Any CPU
		Release|Any CPU = Release|Any CPU
	EndGlobalSection
	GlobalSection(ProjectConfigurationPlatforms) = postSolution
		{B4B97030-327E-4879-B1A0-967B26E4D47A}.Debug|Any CPU.ActiveCfg = Debug|Any CPU
		{B4B97030-327E-4879-B1A0-967B26E4D47A}.Debug|Any CPU.Build.0 = Debug|Any CPU
		{B4B97030-327E-4879-B1A0-967B26E4D47A}.Release|Any CPU.ActiveCfg = Release|Any CPU
		{B4B97030-327E-4879-B1A0-967B26E4D47A}.Release|Any CPU.Build.0 = Release|Any CPU
	EndGlobalSection
	GlobalSection(SolutionProperties) = preSolution
		HideSolutionNode = FALSE
	EndGlobalSection
	GlobalSection(ExtensibilityGlobals) = postSolution
		SolutionGuid = {A65C732F-7D40-45D2-9BFB-545E1BB87046}
	EndGlobalSection
EndGlobal
